{
  "name": "relay-action-card",
  "version": "0.1.5",
  "lockfileVersion": 3,
  "requires": true,
  "packages": {
    "": {
      "name": "relay-action-card",
      "version": "0.1.5",
      "dependencies": {
        "@neurarelay/sdk": "0.1.0-alpha.4"
      }
    },
    "node_modules/@neurarelay/sdk": {
      "version": "0.1.0-alpha.4",
      "resolved": "https://registry.npmjs.org/@neurarelay/sdk/-/sdk-0.1.0-alpha.4.tgz",
      "integrity": "sha512-6BJ5C7Zwgx5W4osKTs2iFzoG6a/JXU2vtwJ51b+7geqrJP/p/M9nqohkxsK7eN2KqVbBcUZdhNZqvr6sXYTnJQ==",
      "engines": {
        "node": ">=18"
      }
    }
  }
}
