{
  "name": "relay-action-card",
  "version": "0.1.5",
  "lockfileVersion": 3,
  "requires": true,
  "packages": {
    "": {
      "name": "relay-action-card",
      "version": "0.1.5",
      "dependencies": {
        "@neurarelay/sdk": "0.1.1"
      },
      "engines": {
        "node": ">=22.14.0"
      }
    },
    "node_modules/@neurarelay/sdk": {
      "version": "0.1.1",
      "resolved": "https://registry.npmjs.org/@neurarelay/sdk/-/sdk-0.1.1.tgz",
      "integrity": "sha512-sUkkyQxQkONVhv4WPZVd6bOQPMVOtxx1zDtTZNzYzT6pX+/DzymbgVC3ervK9Aaf4jvCo7ims7B7Esz8uBPs4Q==",
      "license": "MIT",
      "engines": {
        "node": ">=18"
      }
    }
  }
}
