{
  "name": "relay-action-card",
  "version": "0.1.4",
  "lockfileVersion": 3,
  "requires": true,
  "packages": {
    "": {
      "name": "relay-action-card",
      "version": "0.1.4",
      "dependencies": {
        "@neurarelay/sdk": "0.1.0-alpha.1"
      }
    },
    "node_modules/@neurarelay/sdk": {
      "version": "0.1.0-alpha.1",
      "resolved": "https://registry.npmjs.org/@neurarelay/sdk/-/sdk-0.1.0-alpha.1.tgz",
      "integrity": "sha512-JtT/O/mhR3Y2t628sWCNhe5Gh5Rx0Vq0oFEugoC41P1kqadMYRYkmSmyST8hJ3F+9ldNRWc7ZW++5zJvv8wE4g==",
      "engines": {
        "node": ">=18"
      }
    }
  }
}
